
Microsoft Visual Studio Solution File, Format Version 12.00
# Visual Studio Version 17
VisualStudioVersion = 17.3.32929.385
MinimumVisualStudioVersion = 10.0.40219.1
Project("{FAE04EC0-301F-11D3-BF4B-00C04F79EFBC}") = "AoC_Day_1", "AoC_Day_1\AoC_Day_1.csproj", "{B5240E68-667C-4101-BD6C-B4A8EDC5ACC7}"
EndProject
Project("{FAE04EC0-301F-11D3-BF4B-00C04F79EFBC}") = "AoC_Day_2", "AoC_Day_2\AoC_Day_2.csproj", "{8087533D-BBBC-48DC-B362-3AE7235CBF0D}"
EndProject
Project("{FAE04EC0-301F-11D3-BF4B-00C04F79EFBC}") = "AoC_Day_3", "AoC_Day_3\AoC_Day_3.csproj", "{632996BB-474C-4F96-8BC1-32CFD5E0E892}"
EndProject
Project("{FAE04EC0-301F-11D3-BF4B-00C04F79EFBC}") = "AoC_Day_4", "AoC_Day_4\AoC_Day_4.csproj", "{C20317A3-6DC5-4CFC-8B90-5DEF6142B28C}"
EndProject
Project("{FAE04EC0-301F-11D3-BF4B-00C04F79EFBC}") = "AoC_Day_5", "AoC_Day_5\AoC_Day_5.csproj", "{7FFB9D64-852C-4BA2-8AF4-CB8E0229CEBB}"
EndProject
Global
	GlobalSection(SolutionConfigurationPlatforms) = preSolution
		Debug|Any CPU = Debug|Any CPU
		Release|Any CPU = Release|Any CPU
	EndGlobalSection
	GlobalSection(ProjectConfigurationPlatforms) = postSolution
		{B5240E68-667C-4101-BD6C-B4A8EDC5ACC7}.Debug|Any CPU.ActiveCfg = Debug|Any CPU
		{B5240E68-667C-4101-BD6C-B4A8EDC5ACC7}.Debug|Any CPU.Build.0 = Debug|Any CPU
		{B5240E68-667C-4101-BD6C-B4A8EDC5ACC7}.Release|Any CPU.ActiveCfg = Release|Any CPU
		{B5240E68-667C-4101-BD6C-B4A8EDC5ACC7}.Release|Any CPU.Build.0 = Release|Any CPU
		{8087533D-BBBC-48DC-B362-3AE7235CBF0D}.Debug|Any CPU.ActiveCfg = Debug|Any CPU
		{8087533D-BBBC-48DC-B362-3AE7235CBF0D}.Debug|Any CPU.Build.0 = Debug|Any CPU
		{8087533D-BBBC-48DC-B362-3AE7235CBF0D}.Release|Any CPU.ActiveCfg = Release|Any CPU
		{8087533D-BBBC-48DC-B362-3AE7235CBF0D}.Release|Any CPU.Build.0 = Release|Any CPU
		{632996BB-474C-4F96-8BC1-32CFD5E0E892}.Debug|Any CPU.ActiveCfg = Debug|Any CPU
		{632996BB-474C-4F96-8BC1-32CFD5E0E892}.Debug|Any CPU.Build.0 = Debug|Any CPU
		{632996BB-474C-4F96-8BC1-32CFD5E0E892}.Release|Any CPU.ActiveCfg = Release|Any CPU
		{632996BB-474C-4F96-8BC1-32CFD5E0E892}.Release|Any CPU.Build.0 = Release|Any CPU
		{C20317A3-6DC5-4CFC-8B90-5DEF6142B28C}.Debug|Any CPU.ActiveCfg = Debug|Any CPU
		{C20317A3-6DC5-4CFC-8B90-5DEF6142B28C}.Debug|Any CPU.Build.0 = Debug|Any CPU
		{C20317A3-6DC5-4CFC-8B90-5DEF6142B28C}.Release|Any CPU.ActiveCfg = Release|Any CPU
		{C20317A3-6DC5-4CFC-8B90-5DEF6142B28C}.Release|Any CPU.Build.0 = Release|Any CPU
		{7FFB9D64-852C-4BA2-8AF4-CB8E0229CEBB}.Debug|Any CPU.ActiveCfg = Debug|Any CPU
		{7FFB9D64-852C-4BA2-8AF4-CB8E0229CEBB}.Debug|Any CPU.Build.0 = Debug|Any CPU
		{7FFB9D64-852C-4BA2-8AF4-CB8E0229CEBB}.Release|Any CPU.ActiveCfg = Release|Any CPU
		{7FFB9D64-852C-4BA2-8AF4-CB8E0229CEBB}.Release|Any CPU.Build.0 = Release|Any CPU
	EndGlobalSection
	GlobalSection(SolutionProperties) = preSolution
		HideSolutionNode = FALSE
	EndGlobalSection
	GlobalSection(ExtensibilityGlobals) = postSolution
		SolutionGuid = {7668E3F3-2BAF-4A70-AA03-1316D23DB921}
	EndGlobalSection
EndGlobal
